github.com/Anonghost720/ecc v1.0.1 h1:eaCKbl4270zD2RCM8HPAuqQFy/EfhDYzLhy3lLbkUGk=
github.com/Anonghost720/ecc v1.0.1/go.mod h1:ZKqm/Vktoq/JpN5mkyr1DVRqHD1J7QdBBl0cyhaVHB4=
github.com/abakum/embed-encrypt v0.0.1 h1:1kG2vOZQfchsOLttvZoGmv42b2c3UmckkOYdbnqbs58=
github.com/abakum/embed-encrypt v0.0.1/go.mod h1:f2J6T21Ou8GFGrgxnJY1a49ZInLvZQQgZCf7xaPpmus=
github.com/gentlemanautomaton/cmdline v0.0.0-20250112024754-4dfcc3d8ef7a h1:5FvJpVNCp1r8JGAJdZ4/vrjWZfPVlr9hoKwi4exH+ec=
github.com/gentlemanautomaton/cmdline v0.0.0-20250112024754-4dfcc3d8ef7a/go.mod h1:9KExNyFn6bRT1x+teYaHJFCUmcBU3QoAkrjLmyhWLi4=
github.com/gentlemanautomaton/winproc v0.0.0-20250324203923-17a93b0c29c0 h1:6blVFp5imfkOqGqjBat8czPsjftb7jwv7MOq8xhwED0=
github.com/gentlemanautomaton/winproc v0.0.0-20250324203923-17a93b0c29c0/go.mod h1:X7B0FNZNXou+uCZnX3kcWUPUn+Sh6lHlTwW1WojW+4E=
github.com/go-ole/go-ole v1.2.4/go.mod h1:XCwSNxSkXRo4vlyPy93sltvi/qJq0jqQhjqQNIwKuxM=
github.com/go-ole/go-ole v1.3.0 h1:Dt6ye7+vXGIKZ7Xtk4s6/xVdGDQynvom7xCFEdWr6uE=
github.com/go-ole/go-ole v1.3.0/go.mod h1:5LS6F96DhAwUc7C+1HLexzMXY1xGRSryjyPPKW6zv78=
github.com/kumako/go-win64api v0.0.0-20200829071356-ddc2195639e5 h1:cMCOV9y7KHrbTmli0/+bo0ThyYkoqZtGNLwkCKuU/04=
github.com/kumako/go-win64api v0.0.0-20200829071356-ddc2195639e5/go.mod h1:QErslf4fQWjLog9REVFLv/fOBHP3ceRkHde6hEngOIs=
github.com/lu4p/embed-encrypt v0.0.0-20210122030833-be86c4064ea2 h1:O8chLXSvyV7Czfxa5ub2xkTmfQL+28dTJ1tVGkQo5Go=
github.com/lu4p/embed-encrypt v0.0.0-20210122030833-be86c4064ea2/go.mod h1:a323J1mVCZihz/d/S/JqNCRk2V8yDoIJoHiwoQNPWvo=
github.com/mxk/go-vss v1.2.0 h1:JpdOPc/P6B3XyRoddn0iMiG/ADBi3AuEsv8RlTb+JeE=
github.com/mxk/go-vss v1.2.0/go.mod h1:ZQ4yFxCG54vqPnCd+p2IxAe5jwZdz56wSjbwzBXiFd8=
github.com/nyaosorg/go-windows-netresource v0.1.0 h1:PnqD0fE65HGTr/sVe5EQG8Wlgb7IRUxhy1eQ5YfyLzw=
github.com/nyaosorg/go-windows-netresource v0.1.0/go.mod h1:bgafgIk9EoJBey6Coc1k6jIiMQgVTyWSsD91qYjB06I=
golang.org/x/crypto v0.36.0 h1:AnAEvhDddvBdpY+uR+MyHmuZzzNqXSe/GvuDeob5L34=
golang.org/x/crypto v0.36.0/go.mod h1:Y4J0ReaxCR1IMaabaSMugxJES1EpwhBHhv2bDHklZvc=
golang.org/x/sys v0.0.0-20200622182413-4b0db7f3f76b/go.mod h1:h1NjWce9XRLGQEsW7wpKNCjG9DtNlClVuFLEZdDNbEs=
golang.org/x/sys v0.1.0/go.mod h1:oPkhp1MJrh7nUepCBck5+mAzfO9JrbApNNgaTdGDITg=
golang.org/x/sys v0.31.0 h1:ioabZlmFYtWhL+TRYpcnNlLwhyxaM9kWTDEmfnprqik=
golang.org/x/sys v0.31.0/go.mod h1:BJP2sWEmIv4KK5OTEluFJCKSidICx8ciO85XgH3Ak8k=
gopkg.in/check.v1 v0.0.0-20161208181325-20d25e280405/go.mod h1:Co6ibVJAznAaIkqp8huTwlJQCZ016jof/cbN4VW5Yz0=
gopkg.in/yaml.v3 v3.0.1 h1:fxVm/GzAzEWqLHuvctI91KS9hhNmmWOoWu0XTYJS7CA=
gopkg.in/yaml.v3 v3.0.1/go.mod h1:K4uyk7z7BCEPqu6E+C64Yfv1cQ7kz7rIZviUmN+EgEM=
